
Microsoft Visual Studio Solution File, Format Version 12.00
# Visual Studio 15
VisualStudioVersion = 15.0.27130.2027
MinimumVisualStudioVersion = 10.0.40219.1
Project("{FAE04EC0-301F-11D3-BF4B-00C04F79EFBC}") = "HelloDCOM1", "HelloDCOM1\HelloDCOM1.csproj", "{79B4B3DE-2C3A-4405-BF7E-2D78F69186A2}"
EndProject
Project("{FAE04EC0-301F-11D3-BF4B-00C04F79EFBC}") = "TestHelloDCOM", "TestHelloDCOM\TestHelloDCOM.csproj", "{401C4D07-DC81-4D2E-8913-2B8B3021259D}"
EndProject
Global
	GlobalSection(SolutionConfigurationPlatforms) = preSolution
		Debug|Any CPU = Debug|Any CPU
		Release|Any CPU = Release|Any CPU
	EndGlobalSection
	GlobalSection(ProjectConfigurationPlatforms) = postSolution
		{79B4B3DE-2C3A-4405-BF7E-2D78F69186A2}.Debug|Any CPU.ActiveCfg = Debug|Any CPU
		{79B4B3DE-2C3A-4405-BF7E-2D78F69186A2}.Debug|Any CPU.Build.0 = Debug|Any CPU
		{79B4B3DE-2C3A-4405-BF7E-2D78F69186A2}.Release|Any CPU.ActiveCfg = Release|Any CPU
		{79B4B3DE-2C3A-4405-BF7E-2D78F69186A2}.Release|Any CPU.Build.0 = Release|Any CPU
		{401C4D07-DC81-4D2E-8913-2B8B3021259D}.Debug|Any CPU.ActiveCfg = Debug|Any CPU
		{401C4D07-DC81-4D2E-8913-2B8B3021259D}.Debug|Any CPU.Build.0 = Debug|Any CPU
		{401C4D07-DC81-4D2E-8913-2B8B3021259D}.Release|Any CPU.ActiveCfg = Release|Any CPU
		{401C4D07-DC81-4D2E-8913-2B8B3021259D}.Release|Any CPU.Build.0 = Release|Any CPU
	EndGlobalSection
	GlobalSection(SolutionProperties) = preSolution
		HideSolutionNode = FALSE
	EndGlobalSection
	GlobalSection(ExtensibilityGlobals) = postSolution
		SolutionGuid = {5FDC2797-5C50-4D90-969A-1E2CBBA1DD8D}
	EndGlobalSection
EndGlobal
