
Microsoft Visual Studio Solution File, Format Version 12.00
# Visual Studio 15
VisualStudioVersion = 15.0.27428.2037
MinimumVisualStudioVersion = 10.0.40219.1
Project("{9A19103F-16F7-4668-BE54-9A1E7A4F7556}") = "AppDirectoryService", "AppDirectoryService\AppDirectoryService.csproj", "{623E2E1A-A0E8-4583-B1D7-37D5A801B0DF}"
EndProject
Project("{FAE04EC0-301F-11D3-BF4B-00C04F79EFBC}") = "AppDirectoryTester1", "AppDirectoryTester1\AppDirectoryTester1.csproj", "{6D047315-93CB-44FA-9938-4B3F8F243AF9}"
EndProject
Global
	GlobalSection(SolutionConfigurationPlatforms) = preSolution
		Debug|Any CPU = Debug|Any CPU
		Release|Any CPU = Release|Any CPU
	EndGlobalSection
	GlobalSection(ProjectConfigurationPlatforms) = postSolution
		{623E2E1A-A0E8-4583-B1D7-37D5A801B0DF}.Debug|Any CPU.ActiveCfg = Debug|Any CPU
		{623E2E1A-A0E8-4583-B1D7-37D5A801B0DF}.Debug|Any CPU.Build.0 = Debug|Any CPU
		{623E2E1A-A0E8-4583-B1D7-37D5A801B0DF}.Release|Any CPU.ActiveCfg = Release|Any CPU
		{623E2E1A-A0E8-4583-B1D7-37D5A801B0DF}.Release|Any CPU.Build.0 = Release|Any CPU
		{6D047315-93CB-44FA-9938-4B3F8F243AF9}.Debug|Any CPU.ActiveCfg = Debug|Any CPU
		{6D047315-93CB-44FA-9938-4B3F8F243AF9}.Debug|Any CPU.Build.0 = Debug|Any CPU
		{6D047315-93CB-44FA-9938-4B3F8F243AF9}.Release|Any CPU.ActiveCfg = Release|Any CPU
		{6D047315-93CB-44FA-9938-4B3F8F243AF9}.Release|Any CPU.Build.0 = Release|Any CPU
	EndGlobalSection
	GlobalSection(SolutionProperties) = preSolution
		HideSolutionNode = FALSE
	EndGlobalSection
	GlobalSection(ExtensibilityGlobals) = postSolution
		SolutionGuid = {1990781D-3EDF-4E03-A460-4733D17A8B81}
	EndGlobalSection
EndGlobal
