
Microsoft Visual Studio Solution File, Format Version 12.00
# Visual Studio 15
VisualStudioVersion = 15.0.27130.2027
MinimumVisualStudioVersion = 10.0.40219.1
Project("{FAE04EC0-301F-11D3-BF4B-00C04F79EFBC}") = "AppAccountingService", "AppAccountingService\AppAccountingService.csproj", "{49A47679-6A8D-407A-838B-6328FD846E6E}"
EndProject
Global
	GlobalSection(SolutionConfigurationPlatforms) = preSolution
		Debug|Any CPU = Debug|Any CPU
		Debug|x64 = Debug|x64
		Debug|x86 = Debug|x86
		Release|Any CPU = Release|Any CPU
		Release|x64 = Release|x64
		Release|x86 = Release|x86
	EndGlobalSection
	GlobalSection(ProjectConfigurationPlatforms) = postSolution
		{49A47679-6A8D-407A-838B-6328FD846E6E}.Debug|Any CPU.ActiveCfg = Debug|Any CPU
		{49A47679-6A8D-407A-838B-6328FD846E6E}.Debug|Any CPU.Build.0 = Debug|Any CPU
		{49A47679-6A8D-407A-838B-6328FD846E6E}.Debug|x64.ActiveCfg = Debug|x64
		{49A47679-6A8D-407A-838B-6328FD846E6E}.Debug|x64.Build.0 = Debug|x64
		{49A47679-6A8D-407A-838B-6328FD846E6E}.Debug|x86.ActiveCfg = Debug|x86
		{49A47679-6A8D-407A-838B-6328FD846E6E}.Debug|x86.Build.0 = Debug|x86
		{49A47679-6A8D-407A-838B-6328FD846E6E}.Release|Any CPU.ActiveCfg = Release|Any CPU
		{49A47679-6A8D-407A-838B-6328FD846E6E}.Release|Any CPU.Build.0 = Release|Any CPU
		{49A47679-6A8D-407A-838B-6328FD846E6E}.Release|x64.ActiveCfg = Release|x64
		{49A47679-6A8D-407A-838B-6328FD846E6E}.Release|x64.Build.0 = Release|x64
		{49A47679-6A8D-407A-838B-6328FD846E6E}.Release|x86.ActiveCfg = Release|x86
		{49A47679-6A8D-407A-838B-6328FD846E6E}.Release|x86.Build.0 = Release|x86
	EndGlobalSection
	GlobalSection(SolutionProperties) = preSolution
		HideSolutionNode = FALSE
	EndGlobalSection
	GlobalSection(ExtensibilityGlobals) = postSolution
		SolutionGuid = {CB27B4E9-91D7-44A9-8C5D-8A3529209D46}
	EndGlobalSection
EndGlobal
